
Microsoft Visual Studio Solution File, Format Version 12.00
# Visual Studio Version 16
VisualStudioVersion = 16.0.31402.337
MinimumVisualStudioVersion = 10.0.40219.1
Project("{FAE04EC0-301F-11D3-BF4B-00C04F79EFBC}") = "A-StateOnline.Core", "A-StateOnline.Core\A-StateOnline.Core.csproj", "{99C056E5-523D-45E9-96D0-6390676271AF}"
EndProject
Project("{FAE04EC0-301F-11D3-BF4B-00C04F79EFBC}") = "A-StateOnline.DataAccess.Sql", "A-StateOnline.DataAccess.Sql\A-StateOnline.DataAccess.Sql.csproj", "{76AF300B-B48B-4237-8322-5A585FDA4523}"
EndProject
Project("{FAE04EC0-301F-11D3-BF4B-00C04F79EFBC}") = "A-StateOnline.DataAccess.Inmemory", "A-StateOnline.DataAccess.Inmemory\A-StateOnline.DataAccess.Inmemory.csproj", "{462C5705-12A1-4D13-AE56-B0CF9F49B45B}"
EndProject
Project("{FAE04EC0-301F-11D3-BF4B-00C04F79EFBC}") = "A-StateOnline.Services", "A-StateOnline.Services\A-StateOnline.Services.csproj", "{3B48FFD4-340A-411E-9F1B-E369E43271D8}"
EndProject
Project("{FAE04EC0-301F-11D3-BF4B-00C04F79EFBC}") = "A-StateOnline.UI", "A-StateOnline.UI\A-StateOnline.UI.csproj", "{AF36D0FD-69FF-404C-A3D9-1AE10ADA752D}"
EndProject
Global
	GlobalSection(SolutionConfigurationPlatforms) = preSolution
		Debug|Any CPU = Debug|Any CPU
		Release|Any CPU = Release|Any CPU
	EndGlobalSection
	GlobalSection(ProjectConfigurationPlatforms) = postSolution
		{99C056E5-523D-45E9-96D0-6390676271AF}.Debug|Any CPU.ActiveCfg = Debug|Any CPU
		{99C056E5-523D-45E9-96D0-6390676271AF}.Debug|Any CPU.Build.0 = Debug|Any CPU
		{99C056E5-523D-45E9-96D0-6390676271AF}.Release|Any CPU.ActiveCfg = Release|Any CPU
		{99C056E5-523D-45E9-96D0-6390676271AF}.Release|Any CPU.Build.0 = Release|Any CPU
		{76AF300B-B48B-4237-8322-5A585FDA4523}.Debug|Any CPU.ActiveCfg = Debug|Any CPU
		{76AF300B-B48B-4237-8322-5A585FDA4523}.Debug|Any CPU.Build.0 = Debug|Any CPU
		{76AF300B-B48B-4237-8322-5A585FDA4523}.Release|Any CPU.ActiveCfg = Release|Any CPU
		{76AF300B-B48B-4237-8322-5A585FDA4523}.Release|Any CPU.Build.0 = Release|Any CPU
		{462C5705-12A1-4D13-AE56-B0CF9F49B45B}.Debug|Any CPU.ActiveCfg = Debug|Any CPU
		{462C5705-12A1-4D13-AE56-B0CF9F49B45B}.Debug|Any CPU.Build.0 = Debug|Any CPU
		{462C5705-12A1-4D13-AE56-B0CF9F49B45B}.Release|Any CPU.ActiveCfg = Release|Any CPU
		{462C5705-12A1-4D13-AE56-B0CF9F49B45B}.Release|Any CPU.Build.0 = Release|Any CPU
		{3B48FFD4-340A-411E-9F1B-E369E43271D8}.Debug|Any CPU.ActiveCfg = Debug|Any CPU
		{3B48FFD4-340A-411E-9F1B-E369E43271D8}.Debug|Any CPU.Build.0 = Debug|Any CPU
		{3B48FFD4-340A-411E-9F1B-E369E43271D8}.Release|Any CPU.ActiveCfg = Release|Any CPU
		{3B48FFD4-340A-411E-9F1B-E369E43271D8}.Release|Any CPU.Build.0 = Release|Any CPU
		{AF36D0FD-69FF-404C-A3D9-1AE10ADA752D}.Debug|Any CPU.ActiveCfg = Debug|Any CPU
		{AF36D0FD-69FF-404C-A3D9-1AE10ADA752D}.Debug|Any CPU.Build.0 = Debug|Any CPU
		{AF36D0FD-69FF-404C-A3D9-1AE10ADA752D}.Release|Any CPU.ActiveCfg = Release|Any CPU
		{AF36D0FD-69FF-404C-A3D9-1AE10ADA752D}.Release|Any CPU.Build.0 = Release|Any CPU
	EndGlobalSection
	GlobalSection(SolutionProperties) = preSolution
		HideSolutionNode = FALSE
	EndGlobalSection
	GlobalSection(ExtensibilityGlobals) = postSolution
		SolutionGuid = {88A0EE2D-973D-411B-8CCB-250C91597B17}
	EndGlobalSection
EndGlobal
